
Microsoft Visual Studio Solution File, Format Version 12.00
# Visual Studio 15
VisualStudioVersion = 15.0.26124.0
MinimumVisualStudioVersion = 15.0.26124.0
Project("{FAE04EC0-301F-11D3-BF4B-00C04F79EFBC}") = "Collections.Arrays", "Collections.Arrays\Collections.Arrays.csproj", "{B8BF6373-044C-4356-A7A3-4B7D61F892E0}"
EndProject
Project("{FAE04EC0-301F-11D3-BF4B-00C04F79EFBC}") = "Collections.Arrays.CountryPopulations", "Collections.Arrays.CountryPopulations\Collections.Arrays.CountryPopulations.csproj", "{70C4AB20-1794-4A8D-B27B-81EBD44D0C71}"
EndProject
Project("{2150E333-8FDC-42A3-9474-1A3956D46DE8}") = "01 Arrays", "01 Arrays", "{52392027-3F0C-4970-B417-DCAFDD823767}"
EndProject
Project("{2150E333-8FDC-42A3-9474-1A3956D46DE8}") = "02 Lists", "02 Lists", "{01D2FB0A-CB04-40AF-95A5-C0354CFE3451}"
EndProject
Project("{FAE04EC0-301F-11D3-BF4B-00C04F79EFBC}") = "Collections.Lists", "Collections.Lists\Collections.Lists.csproj", "{277F1DBC-4D77-45BE-9F46-98DC2B7136DA}"
EndProject
Project("{2150E333-8FDC-42A3-9474-1A3956D46DE8}") = "03 Dictionaries", "03 Dictionaries", "{88E52DE5-1961-49B8-A4DD-BCC297275B8B}"
EndProject
Project("{FAE04EC0-301F-11D3-BF4B-00C04F79EFBC}") = "Collection.Dictionaries", "Collection.Dictionaries\Collection.Dictionaries.csproj", "{677A273A-3218-477E-8DAB-3FB539B33C20}"
EndProject
Project("{2150E333-8FDC-42A3-9474-1A3956D46DE8}") = "04 JaggedArrays", "04 JaggedArrays", "{4304FF86-A80F-451E-99A1-2112F99D2139}"
EndProject
Project("{FAE04EC0-301F-11D3-BF4B-00C04F79EFBC}") = "Collections.JaggedArrays", "Collections.JaggedArrays\Collections.JaggedArrays.csproj", "{6255D151-4CA7-4403-8BCF-3F0A72710BB4}"
EndProject
Global
	GlobalSection(SolutionConfigurationPlatforms) = preSolution
		Debug|Any CPU = Debug|Any CPU
		Debug|x64 = Debug|x64
		Debug|x86 = Debug|x86
		Release|Any CPU = Release|Any CPU
		Release|x64 = Release|x64
		Release|x86 = Release|x86
	EndGlobalSection
	GlobalSection(SolutionProperties) = preSolution
		HideSolutionNode = FALSE
	EndGlobalSection
	GlobalSection(ProjectConfigurationPlatforms) = postSolution
		{B8BF6373-044C-4356-A7A3-4B7D61F892E0}.Debug|Any CPU.ActiveCfg = Debug|Any CPU
		{B8BF6373-044C-4356-A7A3-4B7D61F892E0}.Debug|Any CPU.Build.0 = Debug|Any CPU
		{B8BF6373-044C-4356-A7A3-4B7D61F892E0}.Debug|x64.ActiveCfg = Debug|Any CPU
		{B8BF6373-044C-4356-A7A3-4B7D61F892E0}.Debug|x64.Build.0 = Debug|Any CPU
		{B8BF6373-044C-4356-A7A3-4B7D61F892E0}.Debug|x86.ActiveCfg = Debug|Any CPU
		{B8BF6373-044C-4356-A7A3-4B7D61F892E0}.Debug|x86.Build.0 = Debug|Any CPU
		{B8BF6373-044C-4356-A7A3-4B7D61F892E0}.Release|Any CPU.ActiveCfg = Release|Any CPU
		{B8BF6373-044C-4356-A7A3-4B7D61F892E0}.Release|Any CPU.Build.0 = Release|Any CPU
		{B8BF6373-044C-4356-A7A3-4B7D61F892E0}.Release|x64.ActiveCfg = Release|Any CPU
		{B8BF6373-044C-4356-A7A3-4B7D61F892E0}.Release|x64.Build.0 = Release|Any CPU
		{B8BF6373-044C-4356-A7A3-4B7D61F892E0}.Release|x86.ActiveCfg = Release|Any CPU
		{B8BF6373-044C-4356-A7A3-4B7D61F892E0}.Release|x86.Build.0 = Release|Any CPU
		{70C4AB20-1794-4A8D-B27B-81EBD44D0C71}.Debug|Any CPU.ActiveCfg = Debug|Any CPU
		{70C4AB20-1794-4A8D-B27B-81EBD44D0C71}.Debug|Any CPU.Build.0 = Debug|Any CPU
		{70C4AB20-1794-4A8D-B27B-81EBD44D0C71}.Debug|x64.ActiveCfg = Debug|Any CPU
		{70C4AB20-1794-4A8D-B27B-81EBD44D0C71}.Debug|x64.Build.0 = Debug|Any CPU
		{70C4AB20-1794-4A8D-B27B-81EBD44D0C71}.Debug|x86.ActiveCfg = Debug|Any CPU
		{70C4AB20-1794-4A8D-B27B-81EBD44D0C71}.Debug|x86.Build.0 = Debug|Any CPU
		{70C4AB20-1794-4A8D-B27B-81EBD44D0C71}.Release|Any CPU.ActiveCfg = Release|Any CPU
		{70C4AB20-1794-4A8D-B27B-81EBD44D0C71}.Release|Any CPU.Build.0 = Release|Any CPU
		{70C4AB20-1794-4A8D-B27B-81EBD44D0C71}.Release|x64.ActiveCfg = Release|Any CPU
		{70C4AB20-1794-4A8D-B27B-81EBD44D0C71}.Release|x64.Build.0 = Release|Any CPU
		{70C4AB20-1794-4A8D-B27B-81EBD44D0C71}.Release|x86.ActiveCfg = Release|Any CPU
		{70C4AB20-1794-4A8D-B27B-81EBD44D0C71}.Release|x86.Build.0 = Release|Any CPU
		{277F1DBC-4D77-45BE-9F46-98DC2B7136DA}.Debug|Any CPU.ActiveCfg = Debug|Any CPU
		{277F1DBC-4D77-45BE-9F46-98DC2B7136DA}.Debug|Any CPU.Build.0 = Debug|Any CPU
		{277F1DBC-4D77-45BE-9F46-98DC2B7136DA}.Debug|x64.ActiveCfg = Debug|Any CPU
		{277F1DBC-4D77-45BE-9F46-98DC2B7136DA}.Debug|x64.Build.0 = Debug|Any CPU
		{277F1DBC-4D77-45BE-9F46-98DC2B7136DA}.Debug|x86.ActiveCfg = Debug|Any CPU
		{277F1DBC-4D77-45BE-9F46-98DC2B7136DA}.Debug|x86.Build.0 = Debug|Any CPU
		{277F1DBC-4D77-45BE-9F46-98DC2B7136DA}.Release|Any CPU.ActiveCfg = Release|Any CPU
		{277F1DBC-4D77-45BE-9F46-98DC2B7136DA}.Release|Any CPU.Build.0 = Release|Any CPU
		{277F1DBC-4D77-45BE-9F46-98DC2B7136DA}.Release|x64.ActiveCfg = Release|Any CPU
		{277F1DBC-4D77-45BE-9F46-98DC2B7136DA}.Release|x64.Build.0 = Release|Any CPU
		{277F1DBC-4D77-45BE-9F46-98DC2B7136DA}.Release|x86.ActiveCfg = Release|Any CPU
		{277F1DBC-4D77-45BE-9F46-98DC2B7136DA}.Release|x86.Build.0 = Release|Any CPU
		{677A273A-3218-477E-8DAB-3FB539B33C20}.Debug|Any CPU.ActiveCfg = Debug|Any CPU
		{677A273A-3218-477E-8DAB-3FB539B33C20}.Debug|Any CPU.Build.0 = Debug|Any CPU
		{677A273A-3218-477E-8DAB-3FB539B33C20}.Debug|x64.ActiveCfg = Debug|Any CPU
		{677A273A-3218-477E-8DAB-3FB539B33C20}.Debug|x64.Build.0 = Debug|Any CPU
		{677A273A-3218-477E-8DAB-3FB539B33C20}.Debug|x86.ActiveCfg = Debug|Any CPU
		{677A273A-3218-477E-8DAB-3FB539B33C20}.Debug|x86.Build.0 = Debug|Any CPU
		{677A273A-3218-477E-8DAB-3FB539B33C20}.Release|Any CPU.ActiveCfg = Release|Any CPU
		{677A273A-3218-477E-8DAB-3FB539B33C20}.Release|Any CPU.Build.0 = Release|Any CPU
		{677A273A-3218-477E-8DAB-3FB539B33C20}.Release|x64.ActiveCfg = Release|Any CPU
		{677A273A-3218-477E-8DAB-3FB539B33C20}.Release|x64.Build.0 = Release|Any CPU
		{677A273A-3218-477E-8DAB-3FB539B33C20}.Release|x86.ActiveCfg = Release|Any CPU
		{677A273A-3218-477E-8DAB-3FB539B33C20}.Release|x86.Build.0 = Release|Any CPU
		{6255D151-4CA7-4403-8BCF-3F0A72710BB4}.Debug|Any CPU.ActiveCfg = Debug|Any CPU
		{6255D151-4CA7-4403-8BCF-3F0A72710BB4}.Debug|Any CPU.Build.0 = Debug|Any CPU
		{6255D151-4CA7-4403-8BCF-3F0A72710BB4}.Debug|x64.ActiveCfg = Debug|Any CPU
		{6255D151-4CA7-4403-8BCF-3F0A72710BB4}.Debug|x64.Build.0 = Debug|Any CPU
		{6255D151-4CA7-4403-8BCF-3F0A72710BB4}.Debug|x86.ActiveCfg = Debug|Any CPU
		{6255D151-4CA7-4403-8BCF-3F0A72710BB4}.Debug|x86.Build.0 = Debug|Any CPU
		{6255D151-4CA7-4403-8BCF-3F0A72710BB4}.Release|Any CPU.ActiveCfg = Release|Any CPU
		{6255D151-4CA7-4403-8BCF-3F0A72710BB4}.Release|Any CPU.Build.0 = Release|Any CPU
		{6255D151-4CA7-4403-8BCF-3F0A72710BB4}.Release|x64.ActiveCfg = Release|Any CPU
		{6255D151-4CA7-4403-8BCF-3F0A72710BB4}.Release|x64.Build.0 = Release|Any CPU
		{6255D151-4CA7-4403-8BCF-3F0A72710BB4}.Release|x86.ActiveCfg = Release|Any CPU
		{6255D151-4CA7-4403-8BCF-3F0A72710BB4}.Release|x86.Build.0 = Release|Any CPU
	EndGlobalSection
	GlobalSection(NestedProjects) = preSolution
		{B8BF6373-044C-4356-A7A3-4B7D61F892E0} = {52392027-3F0C-4970-B417-DCAFDD823767}
		{70C4AB20-1794-4A8D-B27B-81EBD44D0C71} = {52392027-3F0C-4970-B417-DCAFDD823767}
		{277F1DBC-4D77-45BE-9F46-98DC2B7136DA} = {01D2FB0A-CB04-40AF-95A5-C0354CFE3451}
		{677A273A-3218-477E-8DAB-3FB539B33C20} = {88E52DE5-1961-49B8-A4DD-BCC297275B8B}
		{6255D151-4CA7-4403-8BCF-3F0A72710BB4} = {4304FF86-A80F-451E-99A1-2112F99D2139}
	EndGlobalSection
EndGlobal
